PODS:
  - PromisesObjC (1.2.6)
  - PromisesSwift (1.2.6):
    - PromisesObjC (= 1.2.6)
  - sdk-core-swift (0.1.5-beta.2):
    - sdk-objectmodel-swift (~> 0.1.2-beta.3)
    - secp256k1.swift
  - sdk-objectmodel-swift (0.1.2-beta.3)
  - secp256k1.swift (0.1.4)
  - XyBleSdk (0.0.1):
    - PromisesSwift (~> 1.2.4)

DEPENDENCIES:
  - sdk-core-swift (~> 0.1.4-beta.6)
  - sdk-objectmodel-swift (~> 0.1.2-beta.3)
  - XyBleSdk (from `../sdk-ble-swift/`)

SPEC REPOS:
  https://github.com/cocoapods/specs.git:
    - PromisesObjC
    - PromisesSwift
    - sdk-core-swift
    - sdk-objectmodel-swift
    - secp256k1.swift

EXTERNAL SOURCES:
  XyBleSdk:
    :path: "../sdk-ble-swift/"

SPEC CHECKSUMS:
  PromisesObjC: 60326422b6d692b9718a80666e67a9433862aa88
  PromisesSwift: b3219d5e6545d5d7e8ad8038b4ad139f7ee0b3f0
  sdk-core-swift: 8d254021959a3edaff4441ff389c05dfee55c7b8
  sdk-objectmodel-swift: 93b02d39d406c39e45ad15a2d5b488c9f8e16b58
  secp256k1.swift: a7e7a214f6db6ce5db32cc6b2b45e5c4dd633634
  XyBleSdk: 412c59d8b05e92a4c2341bcf11909861a12ddbba

PODFILE CHECKSUM: 4b31c2ec583f91aad982074bc9c616ac1293739b

COCOAPODS: 1.7.0.beta.2
