PODS:
  - PromisesObjC (1.2.6)
  - PromisesSwift (1.2.6):
    - PromisesObjC (= 1.2.6)
  - sdk-core-swift (0.1.2-beta.5):
    - sdk-objectmodel-swift (~> 0.1.1-beta.0)
  - sdk-objectmodel-swift (0.1.2-beta.1)
  - XyBleSdk (0.0.1):
    - PromisesSwift (~> 1.2.4)

DEPENDENCIES:
  - sdk-core-swift (~> 0.1.2-beta.5)
  - sdk-objectmodel-swift (~> 0.1.2-beta.1)
  - XyBleSdk (from `../sdk-ble-swift/`)

SPEC REPOS:
  https://github.com/cocoapods/specs.git:
    - PromisesObjC
    - PromisesSwift
    - sdk-core-swift
    - sdk-objectmodel-swift

EXTERNAL SOURCES:
  XyBleSdk:
    :path: "../sdk-ble-swift/"

SPEC CHECKSUMS:
  PromisesObjC: 60326422b6d692b9718a80666e67a9433862aa88
  PromisesSwift: b3219d5e6545d5d7e8ad8038b4ad139f7ee0b3f0
  sdk-core-swift: 1947b47833d0889d54de13a6623b3f4fc7015ef7
  sdk-objectmodel-swift: e65be212adbce07ed86f745a72f3bdf9fb1c373d
  XyBleSdk: 68eef398de0fa956199ba4b8e6a5cc59d7f98287

PODFILE CHECKSUM: 8a3d02c80bb9f4962e0e63d92bcc00bf8718b040

COCOAPODS: 1.6.0
